
Microsoft Visual Studio Solution File, Format Version 12.00
# Visual Studio Version 16
VisualStudioVersion = 16.0.32002.261
MinimumVisualStudioVersion = 10.0.40219.1
Project("{FAE04EC0-301F-11D3-BF4B-00C04F79EFBC}") = "JordiGame", "JordiGame\JordiGame.csproj", "{52FF4C8E-A4A2-411E-B20E-1FF8BCD75A80}"
EndProject
Global
	GlobalSection(SolutionConfigurationPlatforms) = preSolution
		Debug|Any CPU = Debug|Any CPU
		Release|Any CPU = Release|Any CPU
	EndGlobalSection
	GlobalSection(ProjectConfigurationPlatforms) = postSolution
		{52FF4C8E-A4A2-411E-B20E-1FF8BCD75A80}.Debug|Any CPU.ActiveCfg = Debug|Any CPU
		{52FF4C8E-A4A2-411E-B20E-1FF8BCD75A80}.Debug|Any CPU.Build.0 = Debug|Any CPU
		{52FF4C8E-A4A2-411E-B20E-1FF8BCD75A80}.Release|Any CPU.ActiveCfg = Release|Any CPU
		{52FF4C8E-A4A2-411E-B20E-1FF8BCD75A80}.Release|Any CPU.Build.0 = Release|Any CPU
	EndGlobalSection
	GlobalSection(SolutionProperties) = preSolution
		HideSolutionNode = FALSE
	EndGlobalSection
	GlobalSection(ExtensibilityGlobals) = postSolution
		SolutionGuid = {B11300BE-F1F6-49C1-9876-368996C0477E}
	EndGlobalSection
EndGlobal
